
Microsoft Visual Studio Solution File, Format Version 12.00
# Visual Studio 15
VisualStudioVersion = 15.0.28307.1525
MinimumVisualStudioVersion = 10.0.40219.1
Project("{FAE04EC0-301F-11D3-BF4B-00C04F79EFBC}") = "Bitso.Challenge.Service", "src\Bitso.Challenge.Service\Bitso.Challenge.Service.csproj", "{390E765D-5B5C-43D2-A150-9317B9F9F4BA}"
EndProject
Project("{FAE04EC0-301F-11D3-BF4B-00C04F79EFBC}") = "Bitso.Challenge.Service.Test", "test\Bitso.Challenge.Service.Test\Bitso.Challenge.Service.Test.csproj", "{AE5B55BD-1CED-45EC-9307-484DB4BD66E1}"
EndProject
Project("{2150E333-8FDC-42A3-9474-1A3956D46DE8}") = "tests", "tests", "{C7097F32-518A-4554-BC53-DE2617E7D9B5}"
EndProject
Global
	GlobalSection(SolutionConfigurationPlatforms) = preSolution
		Debug|Any CPU = Debug|Any CPU
		Release|Any CPU = Release|Any CPU
	EndGlobalSection
	GlobalSection(ProjectConfigurationPlatforms) = postSolution
		{390E765D-5B5C-43D2-A150-9317B9F9F4BA}.Debug|Any CPU.ActiveCfg = Debug|Any CPU
		{390E765D-5B5C-43D2-A150-9317B9F9F4BA}.Debug|Any CPU.Build.0 = Debug|Any CPU
		{390E765D-5B5C-43D2-A150-9317B9F9F4BA}.Release|Any CPU.ActiveCfg = Release|Any CPU
		{390E765D-5B5C-43D2-A150-9317B9F9F4BA}.Release|Any CPU.Build.0 = Release|Any CPU
		{AE5B55BD-1CED-45EC-9307-484DB4BD66E1}.Debug|Any CPU.ActiveCfg = Debug|Any CPU
		{AE5B55BD-1CED-45EC-9307-484DB4BD66E1}.Debug|Any CPU.Build.0 = Debug|Any CPU
		{AE5B55BD-1CED-45EC-9307-484DB4BD66E1}.Release|Any CPU.ActiveCfg = Release|Any CPU
		{AE5B55BD-1CED-45EC-9307-484DB4BD66E1}.Release|Any CPU.Build.0 = Release|Any CPU
	EndGlobalSection
	GlobalSection(SolutionProperties) = preSolution
		HideSolutionNode = FALSE
	EndGlobalSection
	GlobalSection(NestedProjects) = preSolution
		{AE5B55BD-1CED-45EC-9307-484DB4BD66E1} = {C7097F32-518A-4554-BC53-DE2617E7D9B5}
	EndGlobalSection
	GlobalSection(ExtensibilityGlobals) = postSolution
		SolutionGuid = {7B22FA39-E682-43FD-AE03-77B820FC1EAC}
	EndGlobalSection
EndGlobal
